// !$*UTF8*$!
{
	archiveVersion = 1;
	classes = {
	};
	objectVersion = 77;
	objects = {

/* Begin PBXBuildFile section */
		A63BE16B2EE1CCB900392BB8 /* FirebaseAnalytics in Frameworks */ = {isa = PBXBuildFile; productRef = A63BE16A2EE1CCB900392BB8 /* FirebaseAnalytics */; };
		A63BE16D2EE1CCB900392BB8 /* FirebaseAnalyticsCore in Frameworks */ = {isa = PBXBuildFile; productRef = A63BE16C2EE1CCB900392BB8 /* FirebaseAnalyticsCore */; };
		A63BE16F2EE1CCB900392BB8 /* FirebaseAuth in Frameworks */ = {isa = PBXBuildFile; productRef = A63BE16E2EE1CCB900392BB8 /* FirebaseAuth */; };
		A63BE1712EE1CCB900392BB8 /* FirebaseDatabase in Frameworks */ = {isa = PBXBuildFile; productRef = A63BE1702EE1CCB900392BB8 /* FirebaseDatabase */; };
		A63BE1732EE1CCB900392BB8 /* FirebaseFirestore in Frameworks */ = {isa = PBXBuildFile; productRef = A63BE1722EE1CCB900392BB8 /* FirebaseFirestore */; };
		A63BE1752EE1CCB900392BB8 /* FirebaseStorage in Frameworks */ = {isa = PBXBuildFile; productRef = A63BE1742EE1CCB900392BB8 /* FirebaseStorage */; };
/* End PBXBuildFile section */

/* Begin PBXContainerItemProxy section */
		A68268C62EDF5481009D80C6 /* PBXContainerItemProxy */ = {
			isa = PBXContainerItemProxy;
			containerPortal = A68268AF2EDF547E009D80C6 /* Project object */;
			proxyType = 1;
			remoteGlobalIDString = A68268B62EDF547E009D80C6;
			remoteInfo = "Space X Project";
		};
		A68268D02EDF5481009D80C6 /* PBXContainerItemProxy */ = {
			isa = PBXContainerItemProxy;
			containerPortal = A68268AF2EDF547E009D80C6 /* Project object */;
			proxyType = 1;
			remoteGlobalIDString = A68268B62EDF547E009D80C6;
			remoteInfo = "Space X Project";
		};
/* End PBXContainerItemProxy section */

/* Begin PBXFileReference section */
		A68268B72EDF547E009D80C6 /* Space X Project.app */ = {isa = PBXFileReference; explicitFileType = wrapper.application; includeInIndex = 0; path = "Space X Project.app"; sourceTree = BUILT_PRODUCTS_DIR; };
		A68268C52EDF5481009D80C6 /* Space X ProjectTests.xctest */ = {isa = PBXFileReference; explicitFileType = wrapper.cfbundle; includeInIndex = 0; path = "Space X ProjectTests.xctest"; sourceTree = BUILT_PRODUCTS_DIR; };
		A68268CF2EDF5481009D80C6 /* Space X ProjectUITests.xctest */ = {isa = PBXFileReference; explicitFileType = wrapper.cfbundle; includeInIndex = 0; path = "Space X ProjectUITests.xctest"; sourceTree = BUILT_PRODUCTS_DIR; };
/* End PBXFileReference section */

/* Begin PBXFileSystemSynchronizedRootGroup section */
		A68268B92EDF547E009D80C6 /* Space X Project */ = {
			isa = PBXFileSystemSynchronizedRootGroup;
			path = "Space X Project";
			sourceTree = "<group>";
		};
		A68268C82EDF5481009D80C6 /* Space X ProjectTests */ = {
			isa = PBXFileSystemSynchronizedRootGroup;
			path = "Space X ProjectTests";
			sourceTree = "<group>";
		};
		A68268D22EDF5481009D80C6 /* Space X ProjectUITests */ = {
			isa = PBXFileSystemSynchronizedRootGroup;
			path = "Space X ProjectUITests";
			sourceTree = "<group>";
		};
/* End PBXFileSystemSynchronizedRootGroup section */

/* Begin PBXFrameworksBuildPhase section */
		A68268B42EDF547E009D80C6 /* Frameworks */ = {
			isa = PBXFrameworksBuildPhase;
			buildActionMask = 2147483647;
			files = (
				A63BE16B2EE1CCB900392BB8 /* FirebaseAnalytics in Frameworks */,
				A63BE16F2EE1CCB900392BB8 /* FirebaseAuth in Frameworks */,
				A63BE1712EE1CCB900392BB8 /* FirebaseDatabase in Frameworks */,
				A63BE1732EE1CCB900392BB8 /* FirebaseFirestore in Frameworks */,
				A63BE16D2EE1CCB900392BB8 /* FirebaseAnalyticsCore in Frameworks */,
				A63BE1752EE1CCB900392BB8 /* FirebaseStorage in Frameworks */,
			);
			runOnlyForDeploymentPostprocessing = 0;
		};
		A68268C22EDF5481009D80C6 /* Frameworks */ = {
			isa = PBXFrameworksBuildPhase;
			buildActionMask = 2147483647;
			files = (
			);
			runOnlyForDeploymentPostprocessing = 0;
		};
		A68268CC2EDF5481009D80C6 /* Frameworks */ = {
			isa = PBXFrameworksBuildPhase;
			buildActionMask = 2147483647;
			files = (
			);
			runOnlyForDeploymentPostprocessing = 0;
		};
/* End PBXFrameworksBuildPhase section */

/* Begin PBXGroup section */
		A68268AE2EDF547E009D80C6 = {
			isa = PBXGroup;
			children = (
				A68268B92EDF547E009D80C6 /* Space X Project */,
				A68268C82EDF5481009D80C6 /* Space X ProjectTests */,
				A68268D22EDF5481009D80C6 /* Space X ProjectUITests */,
				A68268B82EDF547E009D80C6 /* Products */,
			);
			sourceTree = "<group>";
		};
		A68268B82EDF547E009D80C6 /* Products */ = {
			isa = PBXGroup;
			children = (
				A68268B72EDF547E009D80C6 /* Space X Project.app */,
				A68268C52EDF5481009D80C6 /* Space X ProjectTests.xctest */,
				A68268CF2EDF5481009D80C6 /* Space X ProjectUITests.xctest */,
			);
			name = Products;
			sourceTree = "<group>";
		};
/* End PBXGroup section */

/* Begin PBXNativeTarget section */
		A68268B62EDF547E009D80C6 /* Space X Project */ = {
			isa = PBXNativeTarget;
			buildConfigurationList = A68268D92EDF5481009D80C6 /* Build configuration list for PBXNativeTarget "Space X Project" */;
			buildPhases = (
				A68268B32EDF547E009D80C6 /* Sources */,
				A68268B42EDF547E009D80C6 /* Frameworks */,
				A68268B52EDF547E009D80C6 /* Resources */,
			);
			buildRules = (
			);
			dependencies = (
			);
			fileSystemSynchronizedGroups = (
				A68268B92EDF547E009D80C6 /* Space X Project */,
			);
			name = "Space X Project";
			packageProductDependencies = (
				A63BE16A2EE1CCB900392BB8 /* FirebaseAnalytics */,
				A63BE16C2EE1CCB900392BB8 /* FirebaseAnalyticsCore */,
				A63BE16E2EE1CCB900392BB8 /* FirebaseAuth */,
				A63BE1702EE1CCB900392BB8 /* FirebaseDatabase */,
				A63BE1722EE1CCB900392BB8 /* FirebaseFirestore */,
				A63BE1742EE1CCB900392BB8 /* FirebaseStorage */,
			);
			productName = "Space X Project";
			productReference = A68268B72EDF547E009D80C6 /* Space X Project.app */;
			productType = "com.apple.product-type.application";
		};
		A68268C42EDF5481009D80C6 /* Space X ProjectTests */ = {
			isa = PBXNativeTarget;
			buildConfigurationList = A68268DC2EDF5481009D80C6 /* Build configuration list for PBXNativeTarget "Space X ProjectTests" */;
			buildPhases = (
				A68268C12EDF5481009D80C6 /* Sources */,
				A68268C22EDF5481009D80C6 /* Frameworks */,
				A68268C32EDF5481009D80C6 /* Resources */,
			);
			buildRules = (
			);
			dependencies = (
				A68268C72EDF5481009D80C6 /* PBXTargetDependency */,
			);
			fileSystemSynchronizedGroups = (
				A68268C82EDF5481009D80C6 /* Space X ProjectTests */,
			);
			name = "Space X ProjectTests";
			packageProductDependencies = (
			);
			productName = "Space X ProjectTests";
			productReference = A68268C52EDF5481009D80C6 /* Space X ProjectTests.xctest */;
			productType = "com.apple.product-type.bundle.unit-test";
		};
		A68268CE2EDF5481009D80C6 /* Space X ProjectUITests */ = {
			isa = PBXNativeTarget;
			buildConfigurationList = A68268DF2EDF5481009D80C6 /* Build configuration list for PBXNativeTarget "Space X ProjectUITests" */;
			buildPhases = (
				A68268CB2EDF5481009D80C6 /* Sources */,
				A68268CC2EDF5481009D80C6 /* Frameworks */,
				A68268CD2EDF5481009D80C6 /* Resources */,
			);
			buildRules = (
			);
			dependencies = (
				A68268D12EDF5481009D80C6 /* PBXTargetDependency */,
			);
			fileSystemSynchronizedGroups = (
				A68268D22EDF5481009D80C6 /* Space X ProjectUITests */,
			);
			name = "Space X ProjectUITests";
			packageProductDependencies = (
			);
			productName = "Space X ProjectUITests";
			productReference = A68268CF2EDF5481009D80C6 /* Space X ProjectUITests.xctest */;
			productType = "com.apple.product-type.bundle.ui-testing";
		};
/* End PBXNativeTarget section */

/* Begin PBXProject section */
		A68268AF2EDF547E009D80C6 /* Project object */ = {
			isa = PBXProject;
			attributes = {
				BuildIndependentTargetsInParallel = 1;
				LastSwiftUpdateCheck = 1640;
				LastUpgradeCheck = 1640;
				TargetAttributes = {
					A68268B62EDF547E009D80C6 = {
						CreatedOnToolsVersion = 16.4;
					};
					A68268C42EDF5481009D80C6 = {
						CreatedOnToolsVersion = 16.4;
						TestTargetID = A68268B62EDF547E009D80C6;
					};
					A68268CE2EDF5481009D80C6 = {
						CreatedOnToolsVersion = 16.4;
						TestTargetID = A68268B62EDF547E009D80C6;
					};
				};
			};
			buildConfigurationList = A68268B22EDF547E009D80C6 /* Build configuration list for PBXProject "Space X Project" */;
			developmentRegion = en;
			hasScannedForEncodings = 0;
			knownRegions = (
				en,
				Base,
			);
			mainGroup = A68268AE2EDF547E009D80C6;
			minimizedProjectReferenceProxies = 1;
			packageReferences = (
				A63BE1692EE1CCB900392BB8 /* XCRemoteSwiftPackageReference "firebase-ios-sdk" */,
			);
			preferredProjectObjectVersion = 77;
			productRefGroup = A68268B82EDF547E009D80C6 /* Products */;
			projectDirPath = "";
			projectRoot = "";
			targets = (
				A68268B62EDF547E009D80C6 /* Space X Project */,
				A68268C42EDF5481009D80C6 /* Space X ProjectTests */,
				A68268CE2EDF5481009D80C6 /* Space X ProjectUITests */,
			);
		};
/* End PBXProject section */

/* Begin PBXResourcesBuildPhase section */
		A68268B52EDF547E009D80C6 /* Resources */ = {
			isa = PBXResourcesBuildPhase;
			buildActionMask = 2147483647;
			files = (
			);
			runOnlyForDeploymentPostprocessing = 0;
		};
		A68268C32EDF5481009D80C6 /* Resources */ = {
			isa = PBXResourcesBuildPhase;
			buildActionMask = 2147483647;
			files = (
			);
			runOnlyForDeploymentPostprocessing = 0;
		};
		A68268CD2EDF5481009D80C6 /* Resources */ = {
			isa = PBXResourcesBuildPhase;
			buildActionMask = 2147483647;
			files = (
			);
			runOnlyForDeploymentPostprocessing = 0;
		};
/* End PBXResourcesBuildPhase section */

/* Begin PBXSourcesBuildPhase section */
		A68268B32EDF547E009D80C6 /* Sources */ = {
			isa = PBXSourcesBuildPhase;
			buildActionMask = 2147483647;
			files = (
			);
			runOnlyForDeploymentPostprocessing = 0;
		};
		A68268C12EDF5481009D80C6 /* Sources */ = {
			isa = PBXSourcesBuildPhase;
			buildActionMask = 2147483647;
			files = (
			);
			runOnlyForDeploymentPostprocessing = 0;
		};
		A68268CB2EDF5481009D80C6 /* Sources */ = {
			isa = PBXSourcesBuildPhase;
			buildActionMask = 2147483647;
			files = (
			);
			runOnlyForDeploymentPostprocessing = 0;
		};
/* End PBXSourcesBuildPhase section */

/* Begin PBXTargetDependency section */
		A68268C72EDF5481009D80C6 /* PBXTargetDependency */ = {
			isa = PBXTargetDependency;
			target = A68268B62EDF547E009D80C6 /* Space X Project */;
			targetProxy = A68268C62EDF5481009D80C6 /* PBXContainerItemProxy */;
		};
		A68268D12EDF5481009D80C6 /* PBXTargetDependency */ = {
			isa = PBXTargetDependency;
			target = A68268B62EDF547E009D80C6 /* Space X Project */;
			targetProxy = A68268D02EDF5481009D80C6 /* PBXContainerItemProxy */;
		};
/* End PBXTargetDependency section */

/* Begin XCBuildConfiguration section */
		A68268D72EDF5481009D80C6 /* Debug */ = {
			isa = XCBuildConfiguration;
			buildSettings = {
				ALWAYS_SEARCH_USER_PATHS = NO;
				ASSETCATALOG_COMPILER_GENERATE_SWIFT_ASSET_SYMBOL_EXTENSIONS = YES;
				CLANG_ANALYZER_NONNULL = YES;
				CLANG_ANALYZER_NUMBER_OBJECT_CONVERSION = YES_AGGRESSIVE;
				CLANG_CXX_LANGUAGE_STANDARD = "gnu++20";
				CLANG_ENABLE_MODULES = YES;
				CLANG_ENABLE_OBJC_ARC = YES;
				CLANG_ENABLE_OBJC_WEAK = YES;
				CLANG_WARN_BLOCK_CAPTURE_AUTORELEASING = YES;
				CLANG_WARN_BOOL_CONVERSION = YES;
				CLANG_WARN_COMMA = YES;
				CLANG_WARN_CONSTANT_CONVERSION = YES;
				CLANG_WARN_DEPRECATED_OBJC_IMPLEMENTATIONS = YES;
				CLANG_WARN_DIRECT_OBJC_ISA_USAGE = YES_ERROR;
				CLANG_WARN_DOCUMENTATION_COMMENTS = YES;
				CLANG_WARN_EMPTY_BODY = YES;
				CLANG_WARN_ENUM_CONVERSION = YES;
				CLANG_WARN_INFINITE_RECURSION = YES;
				CLANG_WARN_INT_CONVERSION = YES;
				CLANG_WARN_NON_LITERAL_NULL_CONVERSION = YES;
				CLANG_WARN_OBJC_IMPLICIT_RETAIN_SELF = YES;
				CLANG_WARN_OBJC_LITERAL_CONVERSION = YES;
				CLANG_WARN_OBJC_ROOT_CLASS = YES_ERROR;
				CLANG_WARN_QUOTED_INCLUDE_IN_FRAMEWORK_HEADER = YES;
				CLANG_WARN_RANGE_LOOP_ANALYSIS = YES;
				CLANG_WARN_STRICT_PROTOTYPES = YES;
				CLANG_WARN_SUSPICIOUS_MOVE = YES;
				CLANG_WARN_UNGUARDED_AVAILABILITY = YES_AGGRESSIVE;
				CLANG_WARN_UNREACHABLE_CODE = YES;
				CLANG_WARN__DUPLICATE_METHOD_MATCH = YES;
				COPY_PHASE_STRIP = NO;
				DEBUG_INFORMATION_FORMAT = dwarf;
				ENABLE_STRICT_OBJC_MSGSEND = YES;
				ENABLE_TESTABILITY = YES;
				ENABLE_USER_SCRIPT_SANDBOXING = YES;
				GCC_C_LANGUAGE_STANDARD = gnu17;
				GCC_DYNAMIC_NO_PIC = NO;
				GCC_NO_COMMON_BLOCKS = YES;
				GCC_OPTIMIZATION_LEVEL = 0;
				GCC_PREPROCESSOR_DEFINITIONS = (
					"DEBUG=1",
					"$(inherited)",
				);
				GCC_WARN_64_TO_32_BIT_CONVERSION = YES;
				GCC_WARN_ABOUT_RETURN_TYPE = YES_ERROR;
				GCC_WARN_UNDECLARED_SELECTOR = YES;
				GCC_WARN_UNINITIALIZED_AUTOS = YES_AGGRESSIVE;
				GCC_WARN_UNUSED_FUNCTION = YES;
				GCC_WARN_UNUSED_VARIABLE = YES;
				LOCALIZATION_PREFERS_STRING_CATALOGS = YES;
				MTL_ENABLE_DEBUG_INFO = INCLUDE_SOURCE;
				MTL_FAST_MATH = YES;
				ONLY_ACTIVE_ARCH = YES;
				SWIFT_ACTIVE_COMPILATION_CONDITIONS = "DEBUG $(inherited)";
				SWIFT_OPTIMIZATION_LEVEL = "-Onone";
			};
			name = Debug;
		};
		A68268D82EDF5481009D80C6 /* Release */ = {
			isa = XCBuildConfiguration;
			buildSettings = {
				ALWAYS_SEARCH_USER_PATHS = NO;
				ASSETCATALOG_COMPILER_GENERATE_SWIFT_ASSET_SYMBOL_EXTENSIONS = YES;
				CLANG_ANALYZER_NONNULL = YES;
				CLANG_ANALYZER_NUMBER_OBJECT_CONVERSION = YES_AGGRESSIVE;
				CLANG_CXX_LANGUAGE_STANDARD = "gnu++20";
				CLANG_ENABLE_MODULES = YES;
				CLANG_ENABLE_OBJC_ARC = YES;
				CLANG_ENABLE_OBJC_WEAK = YES;
				CLANG_WARN_BLOCK_CAPTURE_AUTORELEASING = YES;
				CLANG_WARN_BOOL_CONVERSION = YES;
				CLANG_WARN_COMMA = YES;
				CLANG_WARN_CONSTANT_CONVERSION = YES;
				CLANG_WARN_DEPRECATED_OBJC_IMPLEMENTATIONS = YES;
				CLANG_WARN_DIRECT_OBJC_ISA_USAGE = YES_ERROR;
				CLANG_WARN_DOCUMENTATION_COMMENTS = YES;
				CLANG_WARN_EMPTY_BODY = YES;
				CLANG_WARN_ENUM_CONVERSION = YES;
				CLANG_WARN_INFINITE_RECURSION = YES;
				CLANG_WARN_INT_CONVERSION = YES;
				CLANG_WARN_NON_LITERAL_NULL_CONVERSION = YES;
				CLANG_WARN_OBJC_IMPLICIT_RETAIN_SELF = YES;
				CLANG_WARN_OBJC_LITERAL_CONVERSION = YES;
				CLANG_WARN_OBJC_ROOT_CLASS = YES_ERROR;
				CLANG_WARN_QUOTED_INCLUDE_IN_FRAMEWORK_HEADER = YES;
				CLANG_WARN_RANGE_LOOP_ANALYSIS = YES;
				CLANG_WARN_STRICT_PROTOTYPES = YES;
				CLANG_WARN_SUSPICIOUS_MOVE = YES;
				CLANG_WARN_UNGUARDED_AVAILABILITY = YES_AGGRESSIVE;
				CLANG_WARN_UNREACHABLE_CODE = YES;
				CLANG_WARN__DUPLICATE_METHOD_MATCH = YES;
				COPY_PHASE_STRIP = NO;
				DEBUG_INFORMATION_FORMAT = "dwarf-with-dsym";
				ENABLE_NS_ASSERTIONS = NO;
				ENABLE_STRICT_OBJC_MSGSEND = YES;
				ENABLE_USER_SCRIPT_SANDBOXING = YES;
				GCC_C_LANGUAGE_STANDARD = gnu17;
				GCC_NO_COMMON_BLOCKS = YES;
				GCC_WARN_64_TO_32_BIT_CONVERSION = YES;
				GCC_WARN_ABOUT_RETURN_TYPE = YES_ERROR;
				GCC_WARN_UNDECLARED_SELECTOR = YES;
				GCC_WARN_UNINITIALIZED_AUTOS = YES_AGGRESSIVE;
				GCC_WARN_UNUSED_FUNCTION = YES;
				GCC_WARN_UNUSED_VARIABLE = YES;
				LOCALIZATION_PREFERS_STRING_CATALOGS = YES;
				MTL_ENABLE_DEBUG_INFO = NO;
				MTL_FAST_MATH = YES;
				SWIFT_COMPILATION_MODE = wholemodule;
			};
			name = Release;
		};
		A68268DA2EDF5481009D80C6 /* Debug */ = {
			isa = XCBuildConfiguration;
			buildSettings = {
				ASSETCATALOG_COMPILER_APPICON_NAME = AppIcon;
				ASSETCATALOG_COMPILER_GLOBAL_ACCENT_COLOR_NAME = AccentColor;
				CODE_SIGN_ENTITLEMENTS = "Space X Project/Space_X_Project.entitlements";
				CODE_SIGN_STYLE = Automatic;
				CURRENT_PROJECT_VERSION = 1;
				ENABLE_PREVIEWS = YES;
				GENERATE_INFOPLIST_FILE = YES;
				"INFOPLIST_KEY_UIApplicationSceneManifest_Generation[sdk=iphoneos*]" = YES;
				"INFOPLIST_KEY_UIApplicationSceneManifest_Generation[sdk=iphonesimulator*]" = YES;
				"INFOPLIST_KEY_UIApplicationSupportsIndirectInputEvents[sdk=iphoneos*]" = YES;
				"INFOPLIST_KEY_UIApplicationSupportsIndirectInputEvents[sdk=iphonesimulator*]" = YES;
				"INFOPLIST_KEY_UILaunchScreen_Generation[sdk=iphoneos*]" = YES;
				"INFOPLIST_KEY_UILaunchScreen_Generation[sdk=iphonesimulator*]" = YES;
				"INFOPLIST_KEY_UIStatusBarStyle[sdk=iphoneos*]" = UIStatusBarStyleDefault;
				"INFOPLIST_KEY_UIStatusBarStyle[sdk=iphonesimulator*]" = UIStatusBarStyleDefault;
				INFOPLIST_KEY_UISupportedInterfaceOrientations_iPad = "UIInterfaceOrientationPortrait UIInterfaceOrientationPortraitUpsideDown UIInterfaceOrientationLandscapeLeft UIInterfaceOrientationLandscapeRight";
				INFOPLIST_KEY_UISupportedInterfaceOrientations_iPhone = "UIInterfaceOrientationPortrait UIInterfaceOrientationLandscapeLeft UIInterfaceOrientationLandscapeRight";
				IPHONEOS_DEPLOYMENT_TARGET = 18.5;
				LD_RUNPATH_SEARCH_PATHS = "@executable_path/Frameworks";
				"LD_RUNPATH_SEARCH_PATHS[sdk=macosx*]" = "@executable_path/../Frameworks";
				MACOSX_DEPLOYMENT_TARGET = 15.5;
				MARKETING_VERSION = 1.0;
				PRODUCT_BUNDLE_IDENTIFIER = "Tipsy.Space-X-Project";
				PRODUCT_NAME = "$(TARGET_NAME)";
				REGISTER_APP_GROUPS = YES;
				SDKROOT = iphoneos;
				SUPPORTED_PLATFORMS = "iphoneos iphonesimulator";
				SUPPORTS_MACCATALYST = NO;
				SUPPORTS_MAC_DESIGNED_FOR_IPHONE_IPAD = NO;
				SUPPORTS_XR_DESIGNED_FOR_IPHONE_IPAD = NO;
				SWIFT_EMIT_LOC_STRINGS = YES;
				SWIFT_VERSION = 5.0;
				TARGETED_DEVICE_FAMILY = "1,2";
				XROS_DEPLOYMENT_TARGET = 2.5;
			};
			name = Debug;
		};
		A68268DB2EDF5481009D80C6 /* Release */ = {
			isa = XCBuildConfiguration;
			buildSettings = {
				ASSETCATALOG_COMPILER_APPICON_NAME = AppIcon;
				ASSETCATALOG_COMPILER_GLOBAL_ACCENT_COLOR_NAME = AccentColor;
				CODE_SIGN_ENTITLEMENTS = "Space X Project/Space_X_Project.entitlements";
				CODE_SIGN_STYLE = Automatic;
				CURRENT_PROJECT_VERSION = 1;
				ENABLE_PREVIEWS = YES;
				GENERATE_INFOPLIST_FILE = YES;
				"INFOPLIST_KEY_UIApplicationSceneManifest_Generation[sdk=iphoneos*]" = YES;
				"INFOPLIST_KEY_UIApplicationSceneManifest_Generation[sdk=iphonesimulator*]" = YES;
				"INFOPLIST_KEY_UIApplicationSupportsIndirectInputEvents[sdk=iphoneos*]" = YES;
				"INFOPLIST_KEY_UIApplicationSupportsIndirectInputEvents[sdk=iphonesimulator*]" = YES;
				"INFOPLIST_KEY_UILaunchScreen_Generation[sdk=iphoneos*]" = YES;
				"INFOPLIST_KEY_UILaunchScreen_Generation[sdk=iphonesimulator*]" = YES;
				"INFOPLIST_KEY_UIStatusBarStyle[sdk=iphoneos*]" = UIStatusBarStyleDefault;
				"INFOPLIST_KEY_UIStatusBarStyle[sdk=iphonesimulator*]" = UIStatusBarStyleDefault;
				INFOPLIST_KEY_UISupportedInterfaceOrientations_iPad = "UIInterfaceOrientationPortrait UIInterfaceOrientationPortraitUpsideDown UIInterfaceOrientationLandscapeLeft UIInterfaceOrientationLandscapeRight";
				INFOPLIST_KEY_UISupportedInterfaceOrientations_iPhone = "UIInterfaceOrientationPortrait UIInterfaceOrientationLandscapeLeft UIInterfaceOrientationLandscapeRight";
				IPHONEOS_DEPLOYMENT_TARGET = 18.5;
				LD_RUNPATH_SEARCH_PATHS = "@executable_path/Frameworks";
				"LD_RUNPATH_SEARCH_PATHS[sdk=macosx*]" = "@executable_path/../Frameworks";
				MACOSX_DEPLOYMENT_TARGET = 15.5;
				MARKETING_VERSION = 1.0;
				PRODUCT_BUNDLE_IDENTIFIER = "Tipsy.Space-X-Project";
				PRODUCT_NAME = "$(TARGET_NAME)";
				REGISTER_APP_GROUPS = YES;
				SDKROOT = iphoneos;
				SUPPORTED_PLATFORMS = "iphoneos iphonesimulator";
				SUPPORTS_MACCATALYST = NO;
				SUPPORTS_MAC_DESIGNED_FOR_IPHONE_IPAD = NO;
				SUPPORTS_XR_DESIGNED_FOR_IPHONE_IPAD = NO;
				SWIFT_EMIT_LOC_STRINGS = YES;
				SWIFT_VERSION = 5.0;
				TARGETED_DEVICE_FAMILY = "1,2";
				XROS_DEPLOYMENT_TARGET = 2.5;
			};
			name = Release;
		};
		A68268DD2EDF5481009D80C6 /* Debug */ = {
			isa = XCBuildConfiguration;
			buildSettings = {
				BUNDLE_LOADER = "$(TEST_HOST)";
				CODE_SIGN_STYLE = Automatic;
				CURRENT_PROJECT_VERSION = 1;
				GENERATE_INFOPLIST_FILE = YES;
				IPHONEOS_DEPLOYMENT_TARGET = 18.5;
				MACOSX_DEPLOYMENT_TARGET = 15.5;
				MARKETING_VERSION = 1.0;
				PRODUCT_BUNDLE_IDENTIFIER = "Tipsy.Space-X-ProjectTests";
				PRODUCT_NAME = "$(TARGET_NAME)";
				SDKROOT = auto;
				SUPPORTED_PLATFORMS = "iphoneos iphonesimulator macosx xros xrsimulator";
				SWIFT_EMIT_LOC_STRINGS = NO;
				SWIFT_VERSION = 5.0;
				TARGETED_DEVICE_FAMILY = "1,2,7";
				TEST_HOST = "$(BUILT_PRODUCTS_DIR)/Space X Project.app/$(BUNDLE_EXECUTABLE_FOLDER_PATH)/Space X Project";
				XROS_DEPLOYMENT_TARGET = 2.5;
			};
			name = Debug;
		};
		A68268DE2EDF5481009D80C6 /* Release */ = {
			isa = XCBuildConfiguration;
			buildSettings = {
				BUNDLE_LOADER = "$(TEST_HOST)";
				CODE_SIGN_STYLE = Automatic;
				CURRENT_PROJECT_VERSION = 1;
				GENERATE_INFOPLIST_FILE = YES;
				IPHONEOS_DEPLOYMENT_TARGET = 18.5;
				MACOSX_DEPLOYMENT_TARGET = 15.5;
				MARKETING_VERSION = 1.0;
				PRODUCT_BUNDLE_IDENTIFIER = "Tipsy.Space-X-ProjectTests";
				PRODUCT_NAME = "$(TARGET_NAME)";
				SDKROOT = auto;
				SUPPORTED_PLATFORMS = "iphoneos iphonesimulator macosx xros xrsimulator";
				SWIFT_EMIT_LOC_STRINGS = NO;
				SWIFT_VERSION = 5.0;
				TARGETED_DEVICE_FAMILY = "1,2,7";
				TEST_HOST = "$(BUILT_PRODUCTS_DIR)/Space X Project.app/$(BUNDLE_EXECUTABLE_FOLDER_PATH)/Space X Project";
				XROS_DEPLOYMENT_TARGET = 2.5;
			};
			name = Release;
		};
		A68268E02EDF5481009D80C6 /* Debug */ = {
			isa = XCBuildConfiguration;
			buildSettings = {
				CODE_SIGN_STYLE = Automatic;
				CURRENT_PROJECT_VERSION = 1;
				GENERATE_INFOPLIST_FILE = YES;
				IPHONEOS_DEPLOYMENT_TARGET = 18.5;
				MACOSX_DEPLOYMENT_TARGET = 15.5;
				MARKETING_VERSION = 1.0;
				PRODUCT_BUNDLE_IDENTIFIER = "Tipsy.Space-X-ProjectUITests";
				PRODUCT_NAME = "$(TARGET_NAME)";
				SDKROOT = auto;
				SUPPORTED_PLATFORMS = "iphoneos iphonesimulator macosx xros xrsimulator";
				SWIFT_EMIT_LOC_STRINGS = NO;
				SWIFT_VERSION = 5.0;
				TARGETED_DEVICE_FAMILY = "1,2,7";
				TEST_TARGET_NAME = "Space X Project";
				XROS_DEPLOYMENT_TARGET = 2.5;
			};
			name = Debug;
		};
		A68268E12EDF5481009D80C6 /* Release */ = {
			isa = XCBuildConfiguration;
			buildSettings = {
				CODE_SIGN_STYLE = Automatic;
				CURRENT_PROJECT_VERSION = 1;
				GENERATE_INFOPLIST_FILE = YES;
				IPHONEOS_DEPLOYMENT_TARGET = 18.5;
				MACOSX_DEPLOYMENT_TARGET = 15.5;
				MARKETING_VERSION = 1.0;
				PRODUCT_BUNDLE_IDENTIFIER = "Tipsy.Space-X-ProjectUITests";
				PRODUCT_NAME = "$(TARGET_NAME)";
				SDKROOT = auto;
				SUPPORTED_PLATFORMS = "iphoneos iphonesimulator macosx xros xrsimulator";
				SWIFT_EMIT_LOC_STRINGS = NO;
				SWIFT_VERSION = 5.0;
				TARGETED_DEVICE_FAMILY = "1,2,7";
				TEST_TARGET_NAME = "Space X Project";
				XROS_DEPLOYMENT_TARGET = 2.5;
			};
			name = Release;
		};
/* End XCBuildConfiguration section */

/* Begin XCConfigurationList section */
		A68268B22EDF547E009D80C6 /* Build configuration list for PBXProject "Space X Project" */ = {
			isa = XCConfigurationList;
			buildConfigurations = (
				A68268D72EDF5481009D80C6 /* Debug */,
				A68268D82EDF5481009D80C6 /* Release */,
			);
			defaultConfigurationIsVisible = 0;
			defaultConfigurationName = Release;
		};
		A68268D92EDF5481009D80C6 /* Build configuration list for PBXNativeTarget "Space X Project" */ = {
			isa = XCConfigurationList;
			buildConfigurations = (
				A68268DA2EDF5481009D80C6 /* Debug */,
				A68268DB2EDF5481009D80C6 /* Release */,
			);
			defaultConfigurationIsVisible = 0;
			defaultConfigurationName = Release;
		};
		A68268DC2EDF5481009D80C6 /* Build configuration list for PBXNativeTarget "Space X ProjectTests" */ = {
			isa = XCConfigurationList;
			buildConfigurations = (
				A68268DD2EDF5481009D80C6 /* Debug */,
				A68268DE2EDF5481009D80C6 /* Release */,
			);
			defaultConfigurationIsVisible = 0;
			defaultConfigurationName = Release;
		};
		A68268DF2EDF5481009D80C6 /* Build configuration list for PBXNativeTarget "Space X ProjectUITests" */ = {
			isa = XCConfigurationList;
			buildConfigurations = (
				A68268E02EDF5481009D80C6 /* Debug */,
				A68268E12EDF5481009D80C6 /* Release */,
			);
			defaultConfigurationIsVisible = 0;
			defaultConfigurationName = Release;
		};
/* End XCConfigurationList section */

/* Begin XCRemoteSwiftPackageReference section */
		A63BE1692EE1CCB900392BB8 /* XCRemoteSwiftPackageReference "firebase-ios-sdk" */ = {
			isa = XCRemoteSwiftPackageReference;
			repositoryURL = "https://github.com/firebase/firebase-ios-sdk";
			requirement = {
				kind = upToNextMajorVersion;
				minimumVersion = 12.6.0;
			};
		};
/* End XCRemoteSwiftPackageReference section */

/* Begin XCSwiftPackageProductDependency section */
		A63BE16A2EE1CCB900392BB8 /* FirebaseAnalytics */ = {
			isa = XCSwiftPackageProductDependency;
			package = A63BE1692EE1CCB900392BB8 /* XCRemoteSwiftPackageReference "firebase-ios-sdk" */;
			productName = FirebaseAnalytics;
		};
		A63BE16C2EE1CCB900392BB8 /* FirebaseAnalyticsCore */ = {
			isa = XCSwiftPackageProductDependency;
			package = A63BE1692EE1CCB900392BB8 /* XCRemoteSwiftPackageReference "firebase-ios-sdk" */;
			productName = FirebaseAnalyticsCore;
		};
		A63BE16E2EE1CCB900392BB8 /* FirebaseAuth */ = {
			isa = XCSwiftPackageProductDependency;
			package = A63BE1692EE1CCB900392BB8 /* XCRemoteSwiftPackageReference "firebase-ios-sdk" */;
			productName = FirebaseAuth;
		};
		A63BE1702EE1CCB900392BB8 /* FirebaseDatabase */ = {
			isa = XCSwiftPackageProductDependency;
			package = A63BE1692EE1CCB900392BB8 /* XCRemoteSwiftPackageReference "firebase-ios-sdk" */;
			productName = FirebaseDatabase;
		};
		A63BE1722EE1CCB900392BB8 /* FirebaseFirestore */ = {
			isa = XCSwiftPackageProductDependency;
			package = A63BE1692EE1CCB900392BB8 /* XCRemoteSwiftPackageReference "firebase-ios-sdk" */;
			productName = FirebaseFirestore;
		};
		A63BE1742EE1CCB900392BB8 /* FirebaseStorage */ = {
			isa = XCSwiftPackageProductDependency;
			package = A63BE1692EE1CCB900392BB8 /* XCRemoteSwiftPackageReference "firebase-ios-sdk" */;
			productName = FirebaseStorage;
		};
/* End XCSwiftPackageProductDependency section */
	};
	rootObject = A68268AF2EDF547E009D80C6 /* Project object */;
}
